{
  "commit": "9070503077a7b7642056e9c75130bda934d16934",
  "working_tree_changed": false,
  "generated_at": "2026-08-14T21:23:02Z",
  "scanned_scope": [
    ".github",
    "ansible",
    "ansible-roles",
    "docs",
    "lib",
    "scripts",
    "terraform",
    "root"
  ],
  "excluded_directories": [
    "secrets",
    "logs",
    "vendor",
    "dist",
    "build",
    "cache",
    "node_modules",
    "__pycache__",
    ".terraform",
    ".ruff_cache"
  ],
  "excluded_files": [
    "*.pyc",
    "*.tfstate*",
    "*.tfplan*",
    ".DS_Store"
  ],
  "fingerprint_algorithm": "sha256 over sorted 'relpath<TAB>git-blob-sha' lines of tracked files per module",
  "modules": {
    ".github": {
      "fingerprint": "542fed1f70e7da51db524d698ef09fcaf2adad6846463a442e0e5ac4addf9e23",
      "files": 22,
      "algorithm": "sha256(sorted 'relpath\\tblobsha')"
    },
    "ansible": {
      "fingerprint": "ba0bc0357063540fbcf0ccce440812694b8bb873f80ebb790b5a369f482db967",
      "files": 14,
      "algorithm": "sha256(sorted 'relpath\\tblobsha')"
    },
    "ansible-roles": {
      "fingerprint": "4c2b7ae4607cf050f7d466495c71249d5a48da0c2d064f63bd46dd6fb641eccc",
      "files": 87,
      "algorithm": "sha256(sorted 'relpath\\tblobsha')"
    },
    "docs": {
      "fingerprint": "9e49bab93f57988ce5c37fedc059fb94ce3c0fe5aeef0a769900975f6e600420",
      "files": 13,
      "algorithm": "sha256(sorted 'relpath\\tblobsha')"
    },
    "lib": {
      "fingerprint": "b3076f98d51ed86fc57e51e88d4efb521632a30e5b51d40e6bbd70820418d17c",
      "files": 13,
      "algorithm": "sha256(sorted 'relpath\\tblobsha')"
    },
    "root": {
      "fingerprint": "93a1b8f6d430ce5a3a78bd90974feeba17bc8618a097590ea4d46610dc6f7cf6",
      "files": 13,
      "algorithm": "sha256(sorted 'relpath\\tblobsha')"
    },
    "scripts": {
      "fingerprint": "3e02ea51f53db1024c30e58f0f3109efbc20fa6bc69a83dcf9f6c62a9e0b6006",
      "files": 15,
      "algorithm": "sha256(sorted 'relpath\\tblobsha')"
    },
    "terraform": {
      "fingerprint": "2d2d76ad05e2016d128b53c38915d4a764dd641977f4706bd992a3def5756c82",
      "files": 27,
      "algorithm": "sha256(sorted 'relpath\\tblobsha')"
    }
  }
}
