{
  "commit": "003ec943123b1b48d2ad6778ade1a66ed145f0b2",
  "working_tree_changed": false,
  "generated_at": "2026-08-29T16:18:10Z",
  "scanned_scope": [
    ".github",
    "ansible",
    "ansible-roles",
    "docs",
    "lib",
    "scripts",
    "terraform",
    "root"
  ],
  "excluded_directories": [
    "secrets",
    "logs",
    "vendor",
    "dist",
    "build",
    "cache",
    "node_modules",
    "__pycache__",
    ".terraform",
    ".ruff_cache"
  ],
  "excluded_files": [
    "*.pyc",
    "*.tfstate*",
    "*.tfplan*",
    ".DS_Store"
  ],
  "fingerprint_algorithm": "sha256 over sorted 'relpath<TAB>git-blob-sha' lines of tracked files per module",
  "modules": {
    ".github": {
      "fingerprint": "778a2952458fcb85448594148f0f1ad472186127128238cd2ed0fb7d9e61f6a4",
      "files": 23,
      "algorithm": "sha256(sorted 'relpath\\tblobsha')"
    },
    "ansible": {
      "fingerprint": "12493295a321404f9769fe397ce2fb185c3f4ec667830895f2fb88f4b53a742d",
      "files": 14,
      "algorithm": "sha256(sorted 'relpath\\tblobsha')"
    },
    "ansible-roles": {
      "fingerprint": "249a959e99d996dd4eca793bfe77bc65a7d67fcbb3c2b8cbe82fe1a3a7d77554",
      "files": 89,
      "algorithm": "sha256(sorted 'relpath\\tblobsha')"
    },
    "docs": {
      "fingerprint": "9d6b2579004cc3cd68a0feb1454200da54ffbd6ab15ccd52d65f3900548b8dd2",
      "files": 22,
      "algorithm": "sha256(sorted 'relpath\\tblobsha')"
    },
    "lib": {
      "fingerprint": "f0bd484d56838e1783507e8156315f5c50d826800b4a6950e68cbac7460ff66f",
      "files": 13,
      "algorithm": "sha256(sorted 'relpath\\tblobsha')"
    },
    "root": {
      "fingerprint": "8c1c388370ecf074d0c830421a6b20e18f75e135afac9f59cc399cf590dcf4a3",
      "files": 17,
      "algorithm": "sha256(sorted 'relpath\\tblobsha')"
    },
    "scripts": {
      "fingerprint": "408d7871eee3c682e86f798f5eb6856977083e2f1db7cea595d903e75ce79ee4",
      "files": 15,
      "algorithm": "sha256(sorted 'relpath\\tblobsha')"
    },
    "terraform": {
      "fingerprint": "c5628c5aa6d1201578f8afb748173aea5de3b1612176c0d6cd14511785fb6a64",
      "files": 27,
      "algorithm": "sha256(sorted 'relpath\\tblobsha')"
    }
  }
}
