{
  "commit": "ea8906726172dd6574e78edf75f8b41d727f2ecb",
  "working_tree_changed": true,
  "generated_at": "2026-08-29T15:35:40Z",
  "scanned_scope": [
    ".github",
    "ansible",
    "ansible-roles",
    "docs",
    "lib",
    "scripts",
    "terraform",
    "root"
  ],
  "excluded_directories": [
    "secrets",
    "logs",
    "vendor",
    "dist",
    "build",
    "cache",
    "node_modules",
    "__pycache__",
    ".terraform",
    ".ruff_cache"
  ],
  "excluded_files": [
    "*.pyc",
    "*.tfstate*",
    "*.tfplan*",
    ".DS_Store"
  ],
  "fingerprint_algorithm": "sha256 over sorted 'relpath<TAB>git-blob-sha' lines of tracked files per module",
  "modules": {
    ".github": {
      "fingerprint": "778a2952458fcb85448594148f0f1ad472186127128238cd2ed0fb7d9e61f6a4",
      "files": 23,
      "algorithm": "sha256(sorted 'relpath\\tblobsha')"
    },
    "ansible": {
      "fingerprint": "12493295a321404f9769fe397ce2fb185c3f4ec667830895f2fb88f4b53a742d",
      "files": 14,
      "algorithm": "sha256(sorted 'relpath\\tblobsha')"
    },
    "ansible-roles": {
      "fingerprint": "4f6aa911857259116ab0bee88c7e31b7b1f0e905dec089a22b672a5862ba2e68",
      "files": 89,
      "algorithm": "sha256(sorted 'relpath\\tblobsha')"
    },
    "docs": {
      "fingerprint": "f488cef0fd430b73a1f979518e82989c1e98c97cf5e36f76ef75471fe5b76319",
      "files": 22,
      "algorithm": "sha256(sorted 'relpath\\tblobsha')"
    },
    "lib": {
      "fingerprint": "f0bd484d56838e1783507e8156315f5c50d826800b4a6950e68cbac7460ff66f",
      "files": 13,
      "algorithm": "sha256(sorted 'relpath\\tblobsha')"
    },
    "root": {
      "fingerprint": "8c1c388370ecf074d0c830421a6b20e18f75e135afac9f59cc399cf590dcf4a3",
      "files": 17,
      "algorithm": "sha256(sorted 'relpath\\tblobsha')"
    },
    "scripts": {
      "fingerprint": "408d7871eee3c682e86f798f5eb6856977083e2f1db7cea595d903e75ce79ee4",
      "files": 15,
      "algorithm": "sha256(sorted 'relpath\\tblobsha')"
    },
    "terraform": {
      "fingerprint": "9d451ddeacf4283740c2ef420978469bd48cf974c3c5e020023b31fc6b98e551",
      "files": 27,
      "algorithm": "sha256(sorted 'relpath\\tblobsha')"
    }
  }
}
